
Microsoft Visual Studio Solution File, Format Version 12.00
# Visual Studio Version 17
VisualStudioVersion = 17.14.37216.2 d17.14
MinimumVisualStudioVersion = 10.0.40219.1
Project("{FAE04EC0-301F-11D3-BF4B-00C04F79EFBC}") = "Lvl1", "Algorithms9\Lvl1.csproj", "{143C7717-7EDF-4F2D-8CC2-66D381B765BD}"
EndProject
Project("{FAE04EC0-301F-11D3-BF4B-00C04F79EFBC}") = "Lvl2", "Lvl2\Lvl2.csproj", "{3D7D88E4-C4AF-4C71-9639-3493ADEB0811}"
EndProject
Project("{FAE04EC0-301F-11D3-BF4B-00C04F79EFBC}") = "Lvl3", "Lvl3\Lvl3.csproj", "{BBE3E9F6-F161-4121-84F5-3C21649AA429}"
EndProject
Global
	GlobalSection(SolutionConfigurationPlatforms) = preSolution
		Debug|Any CPU = Debug|Any CPU
		Release|Any CPU = Release|Any CPU
	EndGlobalSection
	GlobalSection(ProjectConfigurationPlatforms) = postSolution
		{143C7717-7EDF-4F2D-8CC2-66D381B765BD}.Debug|Any CPU.ActiveCfg = Debug|Any CPU
		{143C7717-7EDF-4F2D-8CC2-66D381B765BD}.Debug|Any CPU.Build.0 = Debug|Any CPU
		{143C7717-7EDF-4F2D-8CC2-66D381B765BD}.Release|Any CPU.ActiveCfg = Release|Any CPU
		{143C7717-7EDF-4F2D-8CC2-66D381B765BD}.Release|Any CPU.Build.0 = Release|Any CPU
		{3D7D88E4-C4AF-4C71-9639-3493ADEB0811}.Debug|Any CPU.ActiveCfg = Debug|Any CPU
		{3D7D88E4-C4AF-4C71-9639-3493ADEB0811}.Debug|Any CPU.Build.0 = Debug|Any CPU
		{3D7D88E4-C4AF-4C71-9639-3493ADEB0811}.Release|Any CPU.ActiveCfg = Release|Any CPU
		{3D7D88E4-C4AF-4C71-9639-3493ADEB0811}.Release|Any CPU.Build.0 = Release|Any CPU
		{BBE3E9F6-F161-4121-84F5-3C21649AA429}.Debug|Any CPU.ActiveCfg = Debug|Any CPU
		{BBE3E9F6-F161-4121-84F5-3C21649AA429}.Debug|Any CPU.Build.0 = Debug|Any CPU
		{BBE3E9F6-F161-4121-84F5-3C21649AA429}.Release|Any CPU.ActiveCfg = Release|Any CPU
		{BBE3E9F6-F161-4121-84F5-3C21649AA429}.Release|Any CPU.Build.0 = Release|Any CPU
	EndGlobalSection
	GlobalSection(SolutionProperties) = preSolution
		HideSolutionNode = FALSE
	EndGlobalSection
	GlobalSection(ExtensibilityGlobals) = postSolution
		SolutionGuid = {AFE7D155-6F7D-4CC7-810F-8082DDA1C0E4}
	EndGlobalSection
EndGlobal
