
Microsoft Visual Studio Solution File, Format Version 12.00
# Visual Studio Version 17
VisualStudioVersion = 17.14.37012.4 d17.14
MinimumVisualStudioVersion = 10.0.40219.1
Project("{FAE04EC0-301F-11D3-BF4B-00C04F79EFBC}") = "Lvl1", "Algorithms1\Lvl1.csproj", "{DD792D25-100D-420A-8FCB-14F6057A5AB7}"
EndProject
Project("{FAE04EC0-301F-11D3-BF4B-00C04F79EFBC}") = "Lvl2", "Lvl2\Lvl2.csproj", "{44D1FAC0-FE0F-4A94-A1AF-92E214A4F92C}"
EndProject
Project("{FAE04EC0-301F-11D3-BF4B-00C04F79EFBC}") = "Lvl3", "Lvl3\Lvl3.csproj", "{732FB3D5-48EE-46CA-B809-AEF8F7FA62AF}"
EndProject
Global
	GlobalSection(SolutionConfigurationPlatforms) = preSolution
		Debug|Any CPU = Debug|Any CPU
		Release|Any CPU = Release|Any CPU
	EndGlobalSection
	GlobalSection(ProjectConfigurationPlatforms) = postSolution
		{DD792D25-100D-420A-8FCB-14F6057A5AB7}.Debug|Any CPU.ActiveCfg = Debug|Any CPU
		{DD792D25-100D-420A-8FCB-14F6057A5AB7}.Debug|Any CPU.Build.0 = Debug|Any CPU
		{DD792D25-100D-420A-8FCB-14F6057A5AB7}.Release|Any CPU.ActiveCfg = Release|Any CPU
		{DD792D25-100D-420A-8FCB-14F6057A5AB7}.Release|Any CPU.Build.0 = Release|Any CPU
		{44D1FAC0-FE0F-4A94-A1AF-92E214A4F92C}.Debug|Any CPU.ActiveCfg = Debug|Any CPU
		{44D1FAC0-FE0F-4A94-A1AF-92E214A4F92C}.Debug|Any CPU.Build.0 = Debug|Any CPU
		{44D1FAC0-FE0F-4A94-A1AF-92E214A4F92C}.Release|Any CPU.ActiveCfg = Release|Any CPU
		{44D1FAC0-FE0F-4A94-A1AF-92E214A4F92C}.Release|Any CPU.Build.0 = Release|Any CPU
		{732FB3D5-48EE-46CA-B809-AEF8F7FA62AF}.Debug|Any CPU.ActiveCfg = Debug|Any CPU
		{732FB3D5-48EE-46CA-B809-AEF8F7FA62AF}.Debug|Any CPU.Build.0 = Debug|Any CPU
		{732FB3D5-48EE-46CA-B809-AEF8F7FA62AF}.Release|Any CPU.ActiveCfg = Release|Any CPU
		{732FB3D5-48EE-46CA-B809-AEF8F7FA62AF}.Release|Any CPU.Build.0 = Release|Any CPU
	EndGlobalSection
	GlobalSection(SolutionProperties) = preSolution
		HideSolutionNode = FALSE
	EndGlobalSection
	GlobalSection(ExtensibilityGlobals) = postSolution
		SolutionGuid = {D5BB9D41-3D22-404D-AAEE-026985518F47}
	EndGlobalSection
EndGlobal
